
Microsoft Visual Studio Solution File, Format Version 12.00
# Visual Studio Version 16
VisualStudioVersion = 16.0.29319.158
MinimumVisualStudioVersion = 10.0.40219.1
Project("{9A19103F-16F7-4668-BE54-9A1E7A4F7556}") = "BikeRentalServiceWebAPI", "BikeRentalServiceWebAPI\BikeRentalServiceWebAPI.csproj", "{78AA2C77-85FF-4D29-9107-9B393705E827}"
EndProject
Project("{FAE04EC0-301F-11D3-BF4B-00C04F79EFBC}") = "BikeRentalServiceWebAPITest", "BikeRentalServiceWebAPITest\BikeRentalServiceWebAPITest.csproj", "{42BD00C5-33FB-401E-8037-90B83FE52F20}"
EndProject
Global
	GlobalSection(SolutionConfigurationPlatforms) = preSolution
		Debug|Any CPU = Debug|Any CPU
		Release|Any CPU = Release|Any CPU
	EndGlobalSection
	GlobalSection(ProjectConfigurationPlatforms) = postSolution
		{78AA2C77-85FF-4D29-9107-9B393705E827}.Debug|Any CPU.ActiveCfg = Debug|Any CPU
		{78AA2C77-85FF-4D29-9107-9B393705E827}.Debug|Any CPU.Build.0 = Debug|Any CPU
		{78AA2C77-85FF-4D29-9107-9B393705E827}.Release|Any CPU.ActiveCfg = Release|Any CPU
		{78AA2C77-85FF-4D29-9107-9B393705E827}.Release|Any CPU.Build.0 = Release|Any CPU
		{42BD00C5-33FB-401E-8037-90B83FE52F20}.Debug|Any CPU.ActiveCfg = Debug|Any CPU
		{42BD00C5-33FB-401E-8037-90B83FE52F20}.Debug|Any CPU.Build.0 = Debug|Any CPU
		{42BD00C5-33FB-401E-8037-90B83FE52F20}.Release|Any CPU.ActiveCfg = Release|Any CPU
		{42BD00C5-33FB-401E-8037-90B83FE52F20}.Release|Any CPU.Build.0 = Release|Any CPU
	EndGlobalSection
	GlobalSection(SolutionProperties) = preSolution
		HideSolutionNode = FALSE
	EndGlobalSection
	GlobalSection(ExtensibilityGlobals) = postSolution
		SolutionGuid = {9883EE86-655C-457D-8B1A-24797138BB17}
	EndGlobalSection
EndGlobal
